{
    "requires": true,
    "lockfileVersion": 1,
    "dependencies": {
        "@yaireo/tagify": {
            "version": "3.21.5",
            "resolved": "https://registry.npmjs.org/@yaireo/tagify/-/tagify-3.21.5.tgz",
            "integrity": "sha512-3XjcTKhp25+HrhQdmo0O53bCDlnTNb0Lq8rfn7UmPgcfYd3Nkf3Kwt7qY58aAtKT38mr+W7PfKg14vuLozx1dQ=="
        }
    }
}
